
Microsoft Visual Studio Solution File, Format Version 12.00
# Visual Studio Version 17
VisualStudioVersion = 17.12.35527.113
MinimumVisualStudioVersion = 10.0.40219.1
Project("{2150E333-8FDC-42A3-9474-1A3956D46DE8}") = "Product", "Product", "{72BA71DA-6C80-4180-9EC9-DBB6A39D71FE}"
EndProject
Project("{2150E333-8FDC-42A3-9474-1A3956D46DE8}") = "Product.Api", "Product.Api", "{FE483510-3727-4CE7-BBB0-B5AAD834235E}"
EndProject
Project("{2150E333-8FDC-42A3-9474-1A3956D46DE8}") = "Product.Data", "Product.Data", "{34720E51-3B89-4710-8174-DA65F5F869ED}"
EndProject
Project("{2150E333-8FDC-42A3-9474-1A3956D46DE8}") = "Product.Common", "Product.Common", "{D214DDFD-4550-4EB2-9E54-D5A44BB8EC9E}"
EndProject
Project("{FAE04EC0-301F-11D3-BF4B-00C04F79EFBC}") = "Product.Common", "Product.Common\Product.Common.csproj", "{4FC99C16-D779-4C18-A920-3D508C3AE3EF}"
EndProject
Project("{FAE04EC0-301F-11D3-BF4B-00C04F79EFBC}") = "Product.Api", "Product.Api\Product.Api.csproj", "{658B51AB-AB00-4295-91FF-6B4247193DDA}"
EndProject
Project("{FAE04EC0-301F-11D3-BF4B-00C04F79EFBC}") = "Product.Data", "Product.Data\Product.Data.csproj", "{5DAA9F5A-7384-4E77-9B64-D2438D643096}"
EndProject
Project("{2150E333-8FDC-42A3-9474-1A3956D46DE8}") = "Product.Application", "Product.Application", "{A010A4C7-8035-464A-AA84-066E745DCE95}"
EndProject
Project("{FAE04EC0-301F-11D3-BF4B-00C04F79EFBC}") = "Product.Application", "Product.Application\Product.Application.csproj", "{9B801FBF-51BB-4F16-874C-F382BEA4CB29}"
EndProject
Project("{2150E333-8FDC-42A3-9474-1A3956D46DE8}") = "Customer", "Customer", "{69BD4154-4F99-44FA-9437-C4F8B3FD1E63}"
EndProject
Project("{2150E333-8FDC-42A3-9474-1A3956D46DE8}") = "Customer.API", "Customer.API", "{022354F7-3E5A-4C68-9D79-3CC4CD631A3D}"
EndProject
Project("{2150E333-8FDC-42A3-9474-1A3956D46DE8}") = "Customer.Common", "Customer.Common", "{8FB6C456-A4BF-40C9-8071-E26A7B57B3D4}"
EndProject
Project("{2150E333-8FDC-42A3-9474-1A3956D46DE8}") = "Customer.Application", "Customer.Application", "{8BF6C6DF-DE38-4231-8CE7-583A0494C187}"
EndProject
Project("{2150E333-8FDC-42A3-9474-1A3956D46DE8}") = "Customer.Data", "Customer.Data", "{69913DC8-37B4-467C-BC3F-860057BC1DB9}"
EndProject
Project("{FAE04EC0-301F-11D3-BF4B-00C04F79EFBC}") = "Customer.Application", "Customer.Application\Customer.Application.csproj", "{72A7C6F7-C210-4BAF-A3F4-A7181958395B}"
EndProject
Project("{FAE04EC0-301F-11D3-BF4B-00C04F79EFBC}") = "Customer.Common", "Customer.Common\Customer.Common.csproj", "{2D99BD75-F65A-462A-81F1-5B599BA4455F}"
EndProject
Project("{FAE04EC0-301F-11D3-BF4B-00C04F79EFBC}") = "Customer.Data", "Customer.Data\Customer.Data.csproj", "{B22C6DBD-9564-4A9E-B90A-74E9ACA7859B}"
EndProject
Project("{2150E333-8FDC-42A3-9474-1A3956D46DE8}") = "Order", "Order", "{EB9810DC-ADAD-4E18-96CB-65443771606A}"
EndProject
Project("{2150E333-8FDC-42A3-9474-1A3956D46DE8}") = "Cart", "Cart", "{389424BE-9866-4BB9-8259-05E512638577}"
EndProject
Project("{2150E333-8FDC-42A3-9474-1A3956D46DE8}") = "Payment", "Payment", "{3941CE77-2172-4572-8E7D-ACF6531C50D0}"
EndProject
Project("{2150E333-8FDC-42A3-9474-1A3956D46DE8}") = "Cart.Common", "Cart.Common", "{43608B7A-D659-473C-815B-B1BC492F0C1A}"
EndProject
Project("{2150E333-8FDC-42A3-9474-1A3956D46DE8}") = "Cart.API", "Cart.API", "{A511B376-20B5-4E01-9A7F-38EF620848C8}"
EndProject
Project("{2150E333-8FDC-42A3-9474-1A3956D46DE8}") = "Cart.Application", "Cart.Application", "{E9331787-770A-4E15-AC10-56A1E63147B0}"
EndProject
Project("{2150E333-8FDC-42A3-9474-1A3956D46DE8}") = "Cart.Data", "Cart.Data", "{F28FADD9-D65B-4ED5-A0B1-7B4E4E769149}"
EndProject
Project("{2150E333-8FDC-42A3-9474-1A3956D46DE8}") = "Order.Common", "Order.Common", "{FD9E9455-7422-4724-9C3A-5B89CA18D953}"
EndProject
Project("{2150E333-8FDC-42A3-9474-1A3956D46DE8}") = "Order.Data", "Order.Data", "{8F872406-CBAC-4401-B6C6-459BE6F593FE}"
EndProject
Project("{2150E333-8FDC-42A3-9474-1A3956D46DE8}") = "Order.API", "Order.API", "{03856B8D-D8EC-48E1-A09F-1AFDABA9E16E}"
EndProject
Project("{2150E333-8FDC-42A3-9474-1A3956D46DE8}") = "Order.Application", "Order.Application", "{864CE1B9-79A9-4F66-A80F-0CAD45F72214}"
EndProject
Project("{2150E333-8FDC-42A3-9474-1A3956D46DE8}") = "Payment.Application", "Payment.Application", "{71A66E33-91F3-40F2-9E85-8F8465B35862}"
EndProject
Project("{2150E333-8FDC-42A3-9474-1A3956D46DE8}") = "Payment.Common", "Payment.Common", "{2A7A510C-4F89-4C01-8563-03B7886D4BC0}"
EndProject
Project("{2150E333-8FDC-42A3-9474-1A3956D46DE8}") = "Payment.API", "Payment.API", "{E96AFE76-483E-4147-8555-D21C1B8F5AAE}"
EndProject
Project("{2150E333-8FDC-42A3-9474-1A3956D46DE8}") = "Payment.Data", "Payment.Data", "{49B161F5-DDBA-4863-9A37-668EB9737728}"
EndProject
Project("{FAE04EC0-301F-11D3-BF4B-00C04F79EFBC}") = "Cart.API", "Cart.API\Cart.API.csproj", "{60EB1724-165E-41D3-89D1-1823E46BE409}"
EndProject
Project("{FAE04EC0-301F-11D3-BF4B-00C04F79EFBC}") = "Cart.Application", "Cart.Application\Cart.Application.csproj", "{48A6201E-8E28-4093-84E4-8F3DB451D5A4}"
EndProject
Project("{FAE04EC0-301F-11D3-BF4B-00C04F79EFBC}") = "Cart.Data", "Cart.Data\Cart.Data.csproj", "{A63D40F2-D2B1-430D-BAA5-645FD3384E86}"
EndProject
Project("{FAE04EC0-301F-11D3-BF4B-00C04F79EFBC}") = "Cart.Common", "Cart.Common\Cart.Common.csproj", "{F30B9D2C-A0C2-407A-8DAE-1111E73E3DF7}"
EndProject
Project("{FAE04EC0-301F-11D3-BF4B-00C04F79EFBC}") = "Order.Common", "Order.Common\Order.Common.csproj", "{41F1E053-54F0-485B-AA1F-6F98FF03E3D6}"
EndProject
Project("{FAE04EC0-301F-11D3-BF4B-00C04F79EFBC}") = "Order.Application", "Order.Application\Order.Application.csproj", "{0C8C32CB-AB0C-4A31-AFD5-AD838CC36B6A}"
EndProject
Project("{FAE04EC0-301F-11D3-BF4B-00C04F79EFBC}") = "Order.Data", "Order.Data\Order.Data.csproj", "{392C4259-1FC1-42AD-8214-9C2062CC585B}"
EndProject
Project("{FAE04EC0-301F-11D3-BF4B-00C04F79EFBC}") = "Order.API", "Order.API\Order.API.csproj", "{CB267DED-92CA-4C0A-AC8F-86072D2EF268}"
EndProject
Project("{FAE04EC0-301F-11D3-BF4B-00C04F79EFBC}") = "Payment.API", "Payment.API\Payment.API.csproj", "{46BAB91C-F3ED-4979-8117-1C8A407F2C11}"
EndProject
Project("{FAE04EC0-301F-11D3-BF4B-00C04F79EFBC}") = "Payment.Common", "Payment.Common\Payment.Common.csproj", "{EDFB3381-AAEA-4B32-824C-C83D80C8035E}"
EndProject
Project("{FAE04EC0-301F-11D3-BF4B-00C04F79EFBC}") = "Payment.Data", "Payment.Data\Payment.Data.csproj", "{871149C7-4BB0-4132-B3CE-76F30BC2F1FB}"
EndProject
Project("{FAE04EC0-301F-11D3-BF4B-00C04F79EFBC}") = "Payment.Application", "Payment.Application\Payment.Application.csproj", "{5CDC0F2B-0737-441D-B917-8CB49432BC77}"
EndProject
Project("{2150E333-8FDC-42A3-9474-1A3956D46DE8}") = "Auth", "Auth", "{DA83B190-606C-49EA-8F6A-94C7E2A410CA}"
EndProject
Project("{2150E333-8FDC-42A3-9474-1A3956D46DE8}") = "Auth.Common", "Auth.Common", "{332FB976-1D20-4202-B3BE-942F69379A81}"
EndProject
Project("{2150E333-8FDC-42A3-9474-1A3956D46DE8}") = "Auth.API", "Auth.API", "{6B5F4DB4-36AA-4DB5-883B-57F7017D8EF7}"
EndProject
Project("{2150E333-8FDC-42A3-9474-1A3956D46DE8}") = "Auth.Application", "Auth.Application", "{0EB263D3-475E-43E4-AF4E-1371E55A45B2}"
EndProject
Project("{2150E333-8FDC-42A3-9474-1A3956D46DE8}") = "Auth.Data", "Auth.Data", "{8508A030-6E21-4941-83C5-F61855260149}"
EndProject
Project("{FAE04EC0-301F-11D3-BF4B-00C04F79EFBC}") = "Auth.Data", "Auth.Data\Auth.Data.csproj", "{E0C71D8C-EFBA-4284-80A6-3E77FF1E2BB2}"
EndProject
Project("{FAE04EC0-301F-11D3-BF4B-00C04F79EFBC}") = "Auth.Common", "Auth.Common\Auth.Common.csproj", "{6F7F03AB-E5FE-4DB5-BD71-FCCD2E2EC97C}"
EndProject
Project("{FAE04EC0-301F-11D3-BF4B-00C04F79EFBC}") = "Auth.Application", "Auth.Application\Auth.Application.csproj", "{E534F457-F3A2-458D-B484-FD0436D2BEAF}"
EndProject
Project("{FAE04EC0-301F-11D3-BF4B-00C04F79EFBC}") = "Auth.API", "Auth.API\Auth.API.csproj", "{2FD54572-5688-4C31-B7F3-7285E0397C6F}"
EndProject
Project("{E53339B2-1760-4266-BCC7-CA923CBCF16C}") = "docker-compose", "docker-compose.dcproj", "{2A2FB919-626A-41A5-BA29-B17106CC6880}"
EndProject
Project("{2150E333-8FDC-42A3-9474-1A3956D46DE8}") = "Common", "Common", "{279915B8-7F3D-49A1-9E8B-5A57077C0771}"
EndProject
Project("{2150E333-8FDC-42A3-9474-1A3956D46DE8}") = "OcelotGateway", "OcelotGateway", "{1DCAE3B8-DDEE-43F3-9D29-614DEA2716C0}"
EndProject
Project("{FAE04EC0-301F-11D3-BF4B-00C04F79EFBC}") = "Customer.API", "Customer.API\Customer.API.csproj", "{6D03D5BA-FC81-4DED-A216-68EE9AF210C0}"
EndProject
Project("{FAE04EC0-301F-11D3-BF4B-00C04F79EFBC}") = "OcelotGateway.API", "OcelotGateway.API\OcelotGateway.API.csproj", "{4EC0C0B7-6376-473C-85B2-035A7CD54200}"
EndProject
Project("{FAE04EC0-301F-11D3-BF4B-00C04F79EFBC}") = "RabbitMqHandler", "RabbitMqHandler\RabbitMqHandler.csproj", "{7C5D5D91-0BF4-45E4-B039-0CE74C89FB88}"
EndProject
Global
	GlobalSection(SolutionConfigurationPlatforms) = preSolution
		Debug|Any CPU = Debug|Any CPU
		Release|Any CPU = Release|Any CPU
	EndGlobalSection
	GlobalSection(ProjectConfigurationPlatforms) = postSolution
		{4FC99C16-D779-4C18-A920-3D508C3AE3EF}.Debug|Any CPU.ActiveCfg = Debug|Any CPU
		{4FC99C16-D779-4C18-A920-3D508C3AE3EF}.Debug|Any CPU.Build.0 = Debug|Any CPU
		{4FC99C16-D779-4C18-A920-3D508C3AE3EF}.Release|Any CPU.ActiveCfg = Release|Any CPU
		{4FC99C16-D779-4C18-A920-3D508C3AE3EF}.Release|Any CPU.Build.0 = Release|Any CPU
		{658B51AB-AB00-4295-91FF-6B4247193DDA}.Debug|Any CPU.ActiveCfg = Debug|Any CPU
		{658B51AB-AB00-4295-91FF-6B4247193DDA}.Debug|Any CPU.Build.0 = Debug|Any CPU
		{658B51AB-AB00-4295-91FF-6B4247193DDA}.Release|Any CPU.ActiveCfg = Release|Any CPU
		{658B51AB-AB00-4295-91FF-6B4247193DDA}.Release|Any CPU.Build.0 = Release|Any CPU
		{5DAA9F5A-7384-4E77-9B64-D2438D643096}.Debug|Any CPU.ActiveCfg = Debug|Any CPU
		{5DAA9F5A-7384-4E77-9B64-D2438D643096}.Debug|Any CPU.Build.0 = Debug|Any CPU
		{5DAA9F5A-7384-4E77-9B64-D2438D643096}.Release|Any CPU.ActiveCfg = Release|Any CPU
		{5DAA9F5A-7384-4E77-9B64-D2438D643096}.Release|Any CPU.Build.0 = Release|Any CPU
		{9B801FBF-51BB-4F16-874C-F382BEA4CB29}.Debug|Any CPU.ActiveCfg = Debug|Any CPU
		{9B801FBF-51BB-4F16-874C-F382BEA4CB29}.Debug|Any CPU.Build.0 = Debug|Any CPU
		{9B801FBF-51BB-4F16-874C-F382BEA4CB29}.Release|Any CPU.ActiveCfg = Release|Any CPU
		{9B801FBF-51BB-4F16-874C-F382BEA4CB29}.Release|Any CPU.Build.0 = Release|Any CPU
		{72A7C6F7-C210-4BAF-A3F4-A7181958395B}.Debug|Any CPU.ActiveCfg = Debug|Any CPU
		{72A7C6F7-C210-4BAF-A3F4-A7181958395B}.Debug|Any CPU.Build.0 = Debug|Any CPU
		{72A7C6F7-C210-4BAF-A3F4-A7181958395B}.Release|Any CPU.ActiveCfg = Release|Any CPU
		{72A7C6F7-C210-4BAF-A3F4-A7181958395B}.Release|Any CPU.Build.0 = Release|Any CPU
		{2D99BD75-F65A-462A-81F1-5B599BA4455F}.Debug|Any CPU.ActiveCfg = Debug|Any CPU
		{2D99BD75-F65A-462A-81F1-5B599BA4455F}.Debug|Any CPU.Build.0 = Debug|Any CPU
		{2D99BD75-F65A-462A-81F1-5B599BA4455F}.Release|Any CPU.ActiveCfg = Release|Any CPU
		{2D99BD75-F65A-462A-81F1-5B599BA4455F}.Release|Any CPU.Build.0 = Release|Any CPU
		{B22C6DBD-9564-4A9E-B90A-74E9ACA7859B}.Debug|Any CPU.ActiveCfg = Debug|Any CPU
		{B22C6DBD-9564-4A9E-B90A-74E9ACA7859B}.Debug|Any CPU.Build.0 = Debug|Any CPU
		{B22C6DBD-9564-4A9E-B90A-74E9ACA7859B}.Release|Any CPU.ActiveCfg = Release|Any CPU
		{B22C6DBD-9564-4A9E-B90A-74E9ACA7859B}.Release|Any CPU.Build.0 = Release|Any CPU
		{60EB1724-165E-41D3-89D1-1823E46BE409}.Debug|Any CPU.ActiveCfg = Debug|Any CPU
		{60EB1724-165E-41D3-89D1-1823E46BE409}.Debug|Any CPU.Build.0 = Debug|Any CPU
		{60EB1724-165E-41D3-89D1-1823E46BE409}.Release|Any CPU.ActiveCfg = Release|Any CPU
		{60EB1724-165E-41D3-89D1-1823E46BE409}.Release|Any CPU.Build.0 = Release|Any CPU
		{48A6201E-8E28-4093-84E4-8F3DB451D5A4}.Debug|Any CPU.ActiveCfg = Debug|Any CPU
		{48A6201E-8E28-4093-84E4-8F3DB451D5A4}.Debug|Any CPU.Build.0 = Debug|Any CPU
		{48A6201E-8E28-4093-84E4-8F3DB451D5A4}.Release|Any CPU.ActiveCfg = Release|Any CPU
		{48A6201E-8E28-4093-84E4-8F3DB451D5A4}.Release|Any CPU.Build.0 = Release|Any CPU
		{A63D40F2-D2B1-430D-BAA5-645FD3384E86}.Debug|Any CPU.ActiveCfg = Debug|Any CPU
		{A63D40F2-D2B1-430D-BAA5-645FD3384E86}.Debug|Any CPU.Build.0 = Debug|Any CPU
		{A63D40F2-D2B1-430D-BAA5-645FD3384E86}.Release|Any CPU.ActiveCfg = Release|Any CPU
		{A63D40F2-D2B1-430D-BAA5-645FD3384E86}.Release|Any CPU.Build.0 = Release|Any CPU
		{F30B9D2C-A0C2-407A-8DAE-1111E73E3DF7}.Debug|Any CPU.ActiveCfg = Debug|Any CPU
		{F30B9D2C-A0C2-407A-8DAE-1111E73E3DF7}.Debug|Any CPU.Build.0 = Debug|Any CPU
		{F30B9D2C-A0C2-407A-8DAE-1111E73E3DF7}.Release|Any CPU.ActiveCfg = Release|Any CPU
		{F30B9D2C-A0C2-407A-8DAE-1111E73E3DF7}.Release|Any CPU.Build.0 = Release|Any CPU
		{41F1E053-54F0-485B-AA1F-6F98FF03E3D6}.Debug|Any CPU.ActiveCfg = Debug|Any CPU
		{41F1E053-54F0-485B-AA1F-6F98FF03E3D6}.Debug|Any CPU.Build.0 = Debug|Any CPU
		{41F1E053-54F0-485B-AA1F-6F98FF03E3D6}.Release|Any CPU.ActiveCfg = Release|Any CPU
		{41F1E053-54F0-485B-AA1F-6F98FF03E3D6}.Release|Any CPU.Build.0 = Release|Any CPU
		{0C8C32CB-AB0C-4A31-AFD5-AD838CC36B6A}.Debug|Any CPU.ActiveCfg = Debug|Any CPU
		{0C8C32CB-AB0C-4A31-AFD5-AD838CC36B6A}.Debug|Any CPU.Build.0 = Debug|Any CPU
		{0C8C32CB-AB0C-4A31-AFD5-AD838CC36B6A}.Release|Any CPU.ActiveCfg = Release|Any CPU
		{0C8C32CB-AB0C-4A31-AFD5-AD838CC36B6A}.Release|Any CPU.Build.0 = Release|Any CPU
		{392C4259-1FC1-42AD-8214-9C2062CC585B}.Debug|Any CPU.ActiveCfg = Debug|Any CPU
		{392C4259-1FC1-42AD-8214-9C2062CC585B}.Debug|Any CPU.Build.0 = Debug|Any CPU
		{392C4259-1FC1-42AD-8214-9C2062CC585B}.Release|Any CPU.ActiveCfg = Release|Any CPU
		{392C4259-1FC1-42AD-8214-9C2062CC585B}.Release|Any CPU.Build.0 = Release|Any CPU
		{CB267DED-92CA-4C0A-AC8F-86072D2EF268}.Debug|Any CPU.ActiveCfg = Debug|Any CPU
		{CB267DED-92CA-4C0A-AC8F-86072D2EF268}.Debug|Any CPU.Build.0 = Debug|Any CPU
		{CB267DED-92CA-4C0A-AC8F-86072D2EF268}.Release|Any CPU.ActiveCfg = Release|Any CPU
		{CB267DED-92CA-4C0A-AC8F-86072D2EF268}.Release|Any CPU.Build.0 = Release|Any CPU
		{46BAB91C-F3ED-4979-8117-1C8A407F2C11}.Debug|Any CPU.ActiveCfg = Debug|Any CPU
		{46BAB91C-F3ED-4979-8117-1C8A407F2C11}.Debug|Any CPU.Build.0 = Debug|Any CPU
		{46BAB91C-F3ED-4979-8117-1C8A407F2C11}.Release|Any CPU.ActiveCfg = Release|Any CPU
		{46BAB91C-F3ED-4979-8117-1C8A407F2C11}.Release|Any CPU.Build.0 = Release|Any CPU
		{EDFB3381-AAEA-4B32-824C-C83D80C8035E}.Debug|Any CPU.ActiveCfg = Debug|Any CPU
		{EDFB3381-AAEA-4B32-824C-C83D80C8035E}.Debug|Any CPU.Build.0 = Debug|Any CPU
		{EDFB3381-AAEA-4B32-824C-C83D80C8035E}.Release|Any CPU.ActiveCfg = Release|Any CPU
		{EDFB3381-AAEA-4B32-824C-C83D80C8035E}.Release|Any CPU.Build.0 = Release|Any CPU
		{871149C7-4BB0-4132-B3CE-76F30BC2F1FB}.Debug|Any CPU.ActiveCfg = Debug|Any CPU
		{871149C7-4BB0-4132-B3CE-76F30BC2F1FB}.Debug|Any CPU.Build.0 = Debug|Any CPU
		{871149C7-4BB0-4132-B3CE-76F30BC2F1FB}.Release|Any CPU.ActiveCfg = Release|Any CPU
		{871149C7-4BB0-4132-B3CE-76F30BC2F1FB}.Release|Any CPU.Build.0 = Release|Any CPU
		{5CDC0F2B-0737-441D-B917-8CB49432BC77}.Debug|Any CPU.ActiveCfg = Debug|Any CPU
		{5CDC0F2B-0737-441D-B917-8CB49432BC77}.Debug|Any CPU.Build.0 = Debug|Any CPU
		{5CDC0F2B-0737-441D-B917-8CB49432BC77}.Release|Any CPU.ActiveCfg = Release|Any CPU
		{5CDC0F2B-0737-441D-B917-8CB49432BC77}.Release|Any CPU.Build.0 = Release|Any CPU
		{E0C71D8C-EFBA-4284-80A6-3E77FF1E2BB2}.Debug|Any CPU.ActiveCfg = Debug|Any CPU
		{E0C71D8C-EFBA-4284-80A6-3E77FF1E2BB2}.Debug|Any CPU.Build.0 = Debug|Any CPU
		{E0C71D8C-EFBA-4284-80A6-3E77FF1E2BB2}.Release|Any CPU.ActiveCfg = Release|Any CPU
		{E0C71D8C-EFBA-4284-80A6-3E77FF1E2BB2}.Release|Any CPU.Build.0 = Release|Any CPU
		{6F7F03AB-E5FE-4DB5-BD71-FCCD2E2EC97C}.Debug|Any CPU.ActiveCfg = Debug|Any CPU
		{6F7F03AB-E5FE-4DB5-BD71-FCCD2E2EC97C}.Debug|Any CPU.Build.0 = Debug|Any CPU
		{6F7F03AB-E5FE-4DB5-BD71-FCCD2E2EC97C}.Release|Any CPU.ActiveCfg = Release|Any CPU
		{6F7F03AB-E5FE-4DB5-BD71-FCCD2E2EC97C}.Release|Any CPU.Build.0 = Release|Any CPU
		{E534F457-F3A2-458D-B484-FD0436D2BEAF}.Debug|Any CPU.ActiveCfg = Debug|Any CPU
		{E534F457-F3A2-458D-B484-FD0436D2BEAF}.Debug|Any CPU.Build.0 = Debug|Any CPU
		{E534F457-F3A2-458D-B484-FD0436D2BEAF}.Release|Any CPU.ActiveCfg = Release|Any CPU
		{E534F457-F3A2-458D-B484-FD0436D2BEAF}.Release|Any CPU.Build.0 = Release|Any CPU
		{2FD54572-5688-4C31-B7F3-7285E0397C6F}.Debug|Any CPU.ActiveCfg = Debug|Any CPU
		{2FD54572-5688-4C31-B7F3-7285E0397C6F}.Debug|Any CPU.Build.0 = Debug|Any CPU
		{2FD54572-5688-4C31-B7F3-7285E0397C6F}.Release|Any CPU.ActiveCfg = Release|Any CPU
		{2FD54572-5688-4C31-B7F3-7285E0397C6F}.Release|Any CPU.Build.0 = Release|Any CPU
		{2A2FB919-626A-41A5-BA29-B17106CC6880}.Debug|Any CPU.ActiveCfg = Debug|Any CPU
		{2A2FB919-626A-41A5-BA29-B17106CC6880}.Debug|Any CPU.Build.0 = Debug|Any CPU
		{2A2FB919-626A-41A5-BA29-B17106CC6880}.Release|Any CPU.ActiveCfg = Release|Any CPU
		{2A2FB919-626A-41A5-BA29-B17106CC6880}.Release|Any CPU.Build.0 = Release|Any CPU
		{6D03D5BA-FC81-4DED-A216-68EE9AF210C0}.Debug|Any CPU.ActiveCfg = Debug|Any CPU
		{6D03D5BA-FC81-4DED-A216-68EE9AF210C0}.Debug|Any CPU.Build.0 = Debug|Any CPU
		{6D03D5BA-FC81-4DED-A216-68EE9AF210C0}.Release|Any CPU.ActiveCfg = Release|Any CPU
		{6D03D5BA-FC81-4DED-A216-68EE9AF210C0}.Release|Any CPU.Build.0 = Release|Any CPU
		{4EC0C0B7-6376-473C-85B2-035A7CD54200}.Debug|Any CPU.ActiveCfg = Debug|Any CPU
		{4EC0C0B7-6376-473C-85B2-035A7CD54200}.Debug|Any CPU.Build.0 = Debug|Any CPU
		{4EC0C0B7-6376-473C-85B2-035A7CD54200}.Release|Any CPU.ActiveCfg = Release|Any CPU
		{4EC0C0B7-6376-473C-85B2-035A7CD54200}.Release|Any CPU.Build.0 = Release|Any CPU
		{7C5D5D91-0BF4-45E4-B039-0CE74C89FB88}.Debug|Any CPU.ActiveCfg = Debug|Any CPU
		{7C5D5D91-0BF4-45E4-B039-0CE74C89FB88}.Debug|Any CPU.Build.0 = Debug|Any CPU
		{7C5D5D91-0BF4-45E4-B039-0CE74C89FB88}.Release|Any CPU.ActiveCfg = Release|Any CPU
		{7C5D5D91-0BF4-45E4-B039-0CE74C89FB88}.Release|Any CPU.Build.0 = Release|Any CPU
	EndGlobalSection
	GlobalSection(SolutionProperties) = preSolution
		HideSolutionNode = FALSE
	EndGlobalSection
	GlobalSection(NestedProjects) = preSolution
		{FE483510-3727-4CE7-BBB0-B5AAD834235E} = {72BA71DA-6C80-4180-9EC9-DBB6A39D71FE}
		{34720E51-3B89-4710-8174-DA65F5F869ED} = {72BA71DA-6C80-4180-9EC9-DBB6A39D71FE}
		{D214DDFD-4550-4EB2-9E54-D5A44BB8EC9E} = {72BA71DA-6C80-4180-9EC9-DBB6A39D71FE}
		{4FC99C16-D779-4C18-A920-3D508C3AE3EF} = {D214DDFD-4550-4EB2-9E54-D5A44BB8EC9E}
		{658B51AB-AB00-4295-91FF-6B4247193DDA} = {FE483510-3727-4CE7-BBB0-B5AAD834235E}
		{5DAA9F5A-7384-4E77-9B64-D2438D643096} = {34720E51-3B89-4710-8174-DA65F5F869ED}
		{A010A4C7-8035-464A-AA84-066E745DCE95} = {72BA71DA-6C80-4180-9EC9-DBB6A39D71FE}
		{9B801FBF-51BB-4F16-874C-F382BEA4CB29} = {A010A4C7-8035-464A-AA84-066E745DCE95}
		{022354F7-3E5A-4C68-9D79-3CC4CD631A3D} = {69BD4154-4F99-44FA-9437-C4F8B3FD1E63}
		{8FB6C456-A4BF-40C9-8071-E26A7B57B3D4} = {69BD4154-4F99-44FA-9437-C4F8B3FD1E63}
		{8BF6C6DF-DE38-4231-8CE7-583A0494C187} = {69BD4154-4F99-44FA-9437-C4F8B3FD1E63}
		{69913DC8-37B4-467C-BC3F-860057BC1DB9} = {69BD4154-4F99-44FA-9437-C4F8B3FD1E63}
		{72A7C6F7-C210-4BAF-A3F4-A7181958395B} = {8BF6C6DF-DE38-4231-8CE7-583A0494C187}
		{2D99BD75-F65A-462A-81F1-5B599BA4455F} = {8FB6C456-A4BF-40C9-8071-E26A7B57B3D4}
		{B22C6DBD-9564-4A9E-B90A-74E9ACA7859B} = {69913DC8-37B4-467C-BC3F-860057BC1DB9}
		{43608B7A-D659-473C-815B-B1BC492F0C1A} = {389424BE-9866-4BB9-8259-05E512638577}
		{A511B376-20B5-4E01-9A7F-38EF620848C8} = {389424BE-9866-4BB9-8259-05E512638577}
		{E9331787-770A-4E15-AC10-56A1E63147B0} = {389424BE-9866-4BB9-8259-05E512638577}
		{F28FADD9-D65B-4ED5-A0B1-7B4E4E769149} = {389424BE-9866-4BB9-8259-05E512638577}
		{FD9E9455-7422-4724-9C3A-5B89CA18D953} = {EB9810DC-ADAD-4E18-96CB-65443771606A}
		{8F872406-CBAC-4401-B6C6-459BE6F593FE} = {EB9810DC-ADAD-4E18-96CB-65443771606A}
		{03856B8D-D8EC-48E1-A09F-1AFDABA9E16E} = {EB9810DC-ADAD-4E18-96CB-65443771606A}
		{864CE1B9-79A9-4F66-A80F-0CAD45F72214} = {EB9810DC-ADAD-4E18-96CB-65443771606A}
		{71A66E33-91F3-40F2-9E85-8F8465B35862} = {3941CE77-2172-4572-8E7D-ACF6531C50D0}
		{2A7A510C-4F89-4C01-8563-03B7886D4BC0} = {3941CE77-2172-4572-8E7D-ACF6531C50D0}
		{E96AFE76-483E-4147-8555-D21C1B8F5AAE} = {3941CE77-2172-4572-8E7D-ACF6531C50D0}
		{49B161F5-DDBA-4863-9A37-668EB9737728} = {3941CE77-2172-4572-8E7D-ACF6531C50D0}
		{60EB1724-165E-41D3-89D1-1823E46BE409} = {A511B376-20B5-4E01-9A7F-38EF620848C8}
		{48A6201E-8E28-4093-84E4-8F3DB451D5A4} = {E9331787-770A-4E15-AC10-56A1E63147B0}
		{A63D40F2-D2B1-430D-BAA5-645FD3384E86} = {F28FADD9-D65B-4ED5-A0B1-7B4E4E769149}
		{F30B9D2C-A0C2-407A-8DAE-1111E73E3DF7} = {43608B7A-D659-473C-815B-B1BC492F0C1A}
		{41F1E053-54F0-485B-AA1F-6F98FF03E3D6} = {FD9E9455-7422-4724-9C3A-5B89CA18D953}
		{0C8C32CB-AB0C-4A31-AFD5-AD838CC36B6A} = {864CE1B9-79A9-4F66-A80F-0CAD45F72214}
		{392C4259-1FC1-42AD-8214-9C2062CC585B} = {8F872406-CBAC-4401-B6C6-459BE6F593FE}
		{CB267DED-92CA-4C0A-AC8F-86072D2EF268} = {03856B8D-D8EC-48E1-A09F-1AFDABA9E16E}
		{46BAB91C-F3ED-4979-8117-1C8A407F2C11} = {E96AFE76-483E-4147-8555-D21C1B8F5AAE}
		{EDFB3381-AAEA-4B32-824C-C83D80C8035E} = {2A7A510C-4F89-4C01-8563-03B7886D4BC0}
		{871149C7-4BB0-4132-B3CE-76F30BC2F1FB} = {49B161F5-DDBA-4863-9A37-668EB9737728}
		{5CDC0F2B-0737-441D-B917-8CB49432BC77} = {71A66E33-91F3-40F2-9E85-8F8465B35862}
		{332FB976-1D20-4202-B3BE-942F69379A81} = {DA83B190-606C-49EA-8F6A-94C7E2A410CA}
		{6B5F4DB4-36AA-4DB5-883B-57F7017D8EF7} = {DA83B190-606C-49EA-8F6A-94C7E2A410CA}
		{0EB263D3-475E-43E4-AF4E-1371E55A45B2} = {DA83B190-606C-49EA-8F6A-94C7E2A410CA}
		{8508A030-6E21-4941-83C5-F61855260149} = {DA83B190-606C-49EA-8F6A-94C7E2A410CA}
		{E0C71D8C-EFBA-4284-80A6-3E77FF1E2BB2} = {8508A030-6E21-4941-83C5-F61855260149}
		{6F7F03AB-E5FE-4DB5-BD71-FCCD2E2EC97C} = {332FB976-1D20-4202-B3BE-942F69379A81}
		{E534F457-F3A2-458D-B484-FD0436D2BEAF} = {0EB263D3-475E-43E4-AF4E-1371E55A45B2}
		{2FD54572-5688-4C31-B7F3-7285E0397C6F} = {6B5F4DB4-36AA-4DB5-883B-57F7017D8EF7}
		{1DCAE3B8-DDEE-43F3-9D29-614DEA2716C0} = {279915B8-7F3D-49A1-9E8B-5A57077C0771}
		{6D03D5BA-FC81-4DED-A216-68EE9AF210C0} = {022354F7-3E5A-4C68-9D79-3CC4CD631A3D}
		{4EC0C0B7-6376-473C-85B2-035A7CD54200} = {1DCAE3B8-DDEE-43F3-9D29-614DEA2716C0}
		{7C5D5D91-0BF4-45E4-B039-0CE74C89FB88} = {279915B8-7F3D-49A1-9E8B-5A57077C0771}
	EndGlobalSection
EndGlobal
